
Microsoft Visual Studio Solution File, Format Version 12.00
# Visual Studio Version 17
VisualStudioVersion = 17.8.34330.188
MinimumVisualStudioVersion = 10.0.40219.1
Project("{8BC9CEB8-8B4A-11D0-8D11-00A0C91BC942}") = "cs2-internal", "cs2-internal.vcxproj", "{9F6D55EA-7E70-4E3B-9BA2-5DC041E218B2}"
EndProject
Global
	GlobalSection(SolutionConfigurationPlatforms) = preSolution
		Debug|x64 = Debug|x64
		Debug|x86 = Debug|x86
		Release|x64 = Release|x64
		Release|x86 = Release|x86
	EndGlobalSection
	GlobalSection(ProjectConfigurationPlatforms) = postSolution
		{9F6D55EA-7E70-4E3B-9BA2-5DC041E218B2}.Debug|x64.ActiveCfg = Debug|x64
		{9F6D55EA-7E70-4E3B-9BA2-5DC041E218B2}.Debug|x64.Build.0 = Debug|x64
		{9F6D55EA-7E70-4E3B-9BA2-5DC041E218B2}.Debug|x86.ActiveCfg = Debug|Win32
		{9F6D55EA-7E70-4E3B-9BA2-5DC041E218B2}.Debug|x86.Build.0 = Debug|Win32
		{9F6D55EA-7E70-4E3B-9BA2-5DC041E218B2}.Release|x64.ActiveCfg = Release|x64
		{9F6D55EA-7E70-4E3B-9BA2-5DC041E218B2}.Release|x64.Build.0 = Release|x64
		{9F6D55EA-7E70-4E3B-9BA2-5DC041E218B2}.Release|x86.ActiveCfg = Release|Win32
		{9F6D55EA-7E70-4E3B-9BA2-5DC041E218B2}.Release|x86.Build.0 = Release|Win32
	EndGlobalSection
	GlobalSection(SolutionProperties) = preSolution
		HideSolutionNode = FALSE
	EndGlobalSection
	GlobalSection(ExtensibilityGlobals) = postSolution
		SolutionGuid = {BF4586E6-A0F1-48EA-9846-5AAD5934101E}
	EndGlobalSection
EndGlobal
